
Microsoft Visual Studio Solution File, Format Version 12.00
# Visual Studio 15
VisualStudioVersion = 15.0.28307.329
MinimumVisualStudioVersion = 10.0.40219.1
Project("{FAE04EC0-301F-11D3-BF4B-00C04F79EFBC}") = "task3", "task3\task3.csproj", "{70826254-ECEF-4A35-82B0-97C8B3333839}"
EndProject
Global
	GlobalSection(SolutionConfigurationPlatforms) = preSolution
		Debug|Any CPU = Debug|Any CPU
		Release|Any CPU = Release|Any CPU
	EndGlobalSection
	GlobalSection(ProjectConfigurationPlatforms) = postSolution
		{70826254-ECEF-4A35-82B0-97C8B3333839}.Debug|Any CPU.ActiveCfg = Debug|Any CPU
		{70826254-ECEF-4A35-82B0-97C8B3333839}.Debug|Any CPU.Build.0 = Debug|Any CPU
		{70826254-ECEF-4A35-82B0-97C8B3333839}.Release|Any CPU.ActiveCfg = Release|Any CPU
		{70826254-ECEF-4A35-82B0-97C8B3333839}.Release|Any CPU.Build.0 = Release|Any CPU
	EndGlobalSection
	GlobalSection(SolutionProperties) = preSolution
		HideSolutionNode = FALSE
	EndGlobalSection
	GlobalSection(ExtensibilityGlobals) = postSolution
		SolutionGuid = {493E8ECB-0755-4F39-8C52-383C8CF08174}
	EndGlobalSection
EndGlobal
